{
  "name": "src",
  "version": "1.0.0",
  "lockfileVersion": 1,
  "requires": true,
  "dependencies": {
    "@babel/runtime": {
      "version": "7.10.4",
      "resolved": "https://registry.npmjs.org/@babel/runtime/-/runtime-7.10.4.tgz",
      "integrity": "sha512-UpTN5yUJr9b4EX2CnGNWIvER7Ab83ibv0pcvvHc4UOdrBI5jb8bj+32cCwPX6xu0mt2daFNjYhoi+X7beH0RSw==",
      "requires": {
        "regenerator-runtime": "^0.13.4"
      }
    },
    "@jimp/bmp": {
      "version": "0.14.0",
      "resolved": "https://registry.npmjs.org/@jimp/bmp/-/bmp-0.14.0.tgz",
      "integrity": "sha512-5RkX6tSS7K3K3xNEb2ygPuvyL9whjanhoaB/WmmXlJS6ub4DjTqrapu8j4qnIWmO4YYtFeTbDTXV6v9P1yMA5A==",
      "requires": {
        "@babel/runtime": "^7.7.2",
        "@jimp/utils": "^0.14.0",
        "bmp-js": "^0.1.0"
      }
    },
    "@jimp/core": {
      "version": "0.14.0",
      "resolved": "https://registry.npmjs.org/@jimp/core/-/core-0.14.0.tgz",
      "integrity": "sha512-S62FcKdtLtj3yWsGfJRdFXSutjvHg7aQNiFogMbwq19RP4XJWqS2nOphu7ScB8KrSlyy5nPF2hkWNhLRLyD82w==",
      "requires": {
        "@babel/runtime": "^7.7.2",
        "@jimp/utils": "^0.14.0",
        "any-base": "^1.1.0",
        "buffer": "^5.2.0",
        "exif-parser": "^0.1.12",
        "file-type": "^9.0.0",
        "load-bmfont": "^1.3.1",
        "mkdirp": "^0.5.1",
        "phin": "^2.9.1",
        "pixelmatch": "^4.0.2",
        "tinycolor2": "^1.4.1"
      }
    },
    "@jimp/custom": {
      "version": "0.14.0",
      "resolved": "https://registry.npmjs.org/@jimp/custom/-/custom-0.14.0.tgz",
      "integrity": "sha512-kQJMeH87+kWJdVw8F9GQhtsageqqxrvzg7yyOw3Tx/s7v5RToe8RnKyMM+kVtBJtNAG+Xyv/z01uYQ2jiZ3GwA==",
      "requires": {
        "@babel/runtime": "^7.7.2",
        "@jimp/core": "^0.14.0"
      }
    },
    "@jimp/gif": {
      "version": "0.14.0",
      "resolved": "https://registry.npmjs.org/@jimp/gif/-/gif-0.14.0.tgz",
      "integrity": "sha512-DHjoOSfCaCz72+oGGEh8qH0zE6pUBaBxPxxmpYJjkNyDZP7RkbBkZJScIYeQ7BmJxmGN4/dZn+MxamoQlr+UYg==",
      "requires": {
        "@babel/runtime": "^7.7.2",
        "@jimp/utils": "^0.14.0",
        "gifwrap": "^0.9.2",
        "omggif": "^1.0.9"
      }
    },
    "@jimp/jpeg": {
      "version": "0.14.0",
      "resolved": "https://registry.npmjs.org/@jimp/jpeg/-/jpeg-0.14.0.tgz",
      "integrity": "sha512-561neGbr+87S/YVQYnZSTyjWTHBm9F6F1obYHiyU3wVmF+1CLbxY3FQzt4YolwyQHIBv36Bo0PY2KkkU8BEeeQ==",
      "requires": {
        "@babel/runtime": "^7.7.2",
        "@jimp/utils": "^0.14.0",
        "jpeg-js": "^0.4.0"
      }
    },
    "@jimp/plugin-blit": {
      "version": "0.14.0",
      "resolved": "https://registry.npmjs.org/@jimp/plugin-blit/-/plugin-blit-0.14.0.tgz",
      "integrity": "sha512-YoYOrnVHeX3InfgbJawAU601iTZMwEBZkyqcP1V/S33Qnz9uzH1Uj1NtC6fNgWzvX6I4XbCWwtr4RrGFb5CFrw==",
      "requires": {
        "@babel/runtime": "^7.7.2",
        "@jimp/utils": "^0.14.0"
      }
    },
    "@jimp/plugin-blur": {
      "version": "0.14.0",
      "resolved": "https://registry.npmjs.org/@jimp/plugin-blur/-/plugin-blur-0.14.0.tgz",
      "integrity": "sha512-9WhZcofLrT0hgI7t0chf7iBQZib//0gJh9WcQMUt5+Q1Bk04dWs8vTgLNj61GBqZXgHSPzE4OpCrrLDBG8zlhQ==",
      "requires": {
        "@babel/runtime": "^7.7.2",
        "@jimp/utils": "^0.14.0"
      }
    },
    "@jimp/plugin-circle": {
      "version": "0.14.0",
      "resolved": "https://registry.npmjs.org/@jimp/plugin-circle/-/plugin-circle-0.14.0.tgz",
      "integrity": "sha512-o5L+wf6QA44tvTum5HeLyLSc5eVfIUd5ZDVi5iRfO4o6GT/zux9AxuTSkKwnjhsG8bn1dDmywAOQGAx7BjrQVA==",
      "requires": {
        "@babel/runtime": "^7.7.2",
        "@jimp/utils": "^0.14.0"
      }
    },
    "@jimp/plugin-color": {
      "version": "0.14.0",
      "resolved": "https://registry.npmjs.org/@jimp/plugin-color/-/plugin-color-0.14.0.tgz",
      "integrity": "sha512-JJz512SAILYV0M5LzBb9sbOm/XEj2fGElMiHAxb7aLI6jx+n0agxtHpfpV/AePTLm1vzzDxx6AJxXbKv355hBQ==",
      "requires": {
        "@babel/runtime": "^7.7.2",
        "@jimp/utils": "^0.14.0",
        "tinycolor2": "^1.4.1"
      }
    },
    "@jimp/plugin-contain": {
      "version": "0.14.0",
      "resolved": "https://registry.npmjs.org/@jimp/plugin-contain/-/plugin-contain-0.14.0.tgz",
      "integrity": "sha512-RX2q233lGyaxiMY6kAgnm9ScmEkNSof0hdlaJAVDS1OgXphGAYAeSIAwzESZN4x3ORaWvkFefeVH9O9/698Evg==",
      "requires": {
        "@babel/runtime": "^7.7.2",
        "@jimp/utils": "^0.14.0"
      }
    },
    "@jimp/plugin-cover": {
      "version": "0.14.0",
      "resolved": "https://registry.npmjs.org/@jimp/plugin-cover/-/plugin-cover-0.14.0.tgz",
      "integrity": "sha512-0P/5XhzWES4uMdvbi3beUgfvhn4YuQ/ny8ijs5kkYIw6K8mHcl820HahuGpwWMx56DJLHRl1hFhJwo9CeTRJtQ==",
      "requires": {
        "@babel/runtime": "^7.7.2",
        "@jimp/utils": "^0.14.0"
      }
    },
    "@jimp/plugin-crop": {
      "version": "0.14.0",
      "resolved": "https://registry.npmjs.org/@jimp/plugin-crop/-/plugin-crop-0.14.0.tgz",
      "integrity": "sha512-Ojtih+XIe6/XSGtpWtbAXBozhCdsDMmy+THUJAGu2x7ZgKrMS0JotN+vN2YC3nwDpYkM+yOJImQeptSfZb2Sug==",
      "requires": {
        "@babel/runtime": "^7.7.2",
        "@jimp/utils": "^0.14.0"
      }
    },
    "@jimp/plugin-displace": {
      "version": "0.14.0",
      "resolved": "https://registry.npmjs.org/@jimp/plugin-displace/-/plugin-displace-0.14.0.tgz",
      "integrity": "sha512-c75uQUzMgrHa8vegkgUvgRL/PRvD7paFbFJvzW0Ugs8Wl+CDMGIPYQ3j7IVaQkIS+cAxv+NJ3TIRBQyBrfVEOg==",
      "requires": {
        "@babel/runtime": "^7.7.2",
        "@jimp/utils": "^0.14.0"
      }
    },
    "@jimp/plugin-dither": {
      "version": "0.14.0",
      "resolved": "https://registry.npmjs.org/@jimp/plugin-dither/-/plugin-dither-0.14.0.tgz",
      "integrity": "sha512-g8SJqFLyYexXQQsoh4dc1VP87TwyOgeTElBcxSXX2LaaMZezypmxQfLTzOFzZoK8m39NuaoH21Ou1Ftsq7LzVQ==",
      "requires": {
        "@babel/runtime": "^7.7.2",
        "@jimp/utils": "^0.14.0"
      }
    },
    "@jimp/plugin-fisheye": {
      "version": "0.14.0",
      "resolved": "https://registry.npmjs.org/@jimp/plugin-fisheye/-/plugin-fisheye-0.14.0.tgz",
      "integrity": "sha512-BFfUZ64EikCaABhCA6mR3bsltWhPpS321jpeIQfJyrILdpFsZ/OccNwCgpW1XlbldDHIoNtXTDGn3E+vCE7vDg==",
      "requires": {
        "@babel/runtime": "^7.7.2",
        "@jimp/utils": "^0.14.0"
      }
    },
    "@jimp/plugin-flip": {
      "version": "0.14.0",
      "resolved": "https://registry.npmjs.org/@jimp/plugin-flip/-/plugin-flip-0.14.0.tgz",
      "integrity": "sha512-WtL1hj6ryqHhApih+9qZQYA6Ye8a4HAmdTzLbYdTMrrrSUgIzFdiZsD0WeDHpgS/+QMsWwF+NFmTZmxNWqKfXw==",
      "requires": {
        "@babel/runtime": "^7.7.2",
        "@jimp/utils": "^0.14.0"
      }
    },
    "@jimp/plugin-gaussian": {
      "version": "0.14.0",
      "resolved": "https://registry.npmjs.org/@jimp/plugin-gaussian/-/plugin-gaussian-0.14.0.tgz",
      "integrity": "sha512-uaLwQ0XAQoydDlF9tlfc7iD9drYPriFe+jgYnWm8fbw5cN+eOIcnneEX9XCOOzwgLPkNCxGox6Kxjn8zY6GxtQ==",
      "requires": {
        "@babel/runtime": "^7.7.2",
        "@jimp/utils": "^0.14.0"
      }
    },
    "@jimp/plugin-invert": {
      "version": "0.14.0",
      "resolved": "https://registry.npmjs.org/@jimp/plugin-invert/-/plugin-invert-0.14.0.tgz",
      "integrity": "sha512-UaQW9X9vx8orQXYSjT5VcITkJPwDaHwrBbxxPoDG+F/Zgv4oV9fP+udDD6qmkgI9taU+44Fy+zm/J/gGcMWrdg==",
      "requires": {
        "@babel/runtime": "^7.7.2",
        "@jimp/utils": "^0.14.0"
      }
    },
    "@jimp/plugin-mask": {
      "version": "0.14.0",
      "resolved": "https://registry.npmjs.org/@jimp/plugin-mask/-/plugin-mask-0.14.0.tgz",
      "integrity": "sha512-tdiGM69OBaKtSPfYSQeflzFhEpoRZ+BvKfDEoivyTjauynbjpRiwB1CaiS8En1INTDwzLXTT0Be9SpI3LkJoEA==",
      "requires": {
        "@babel/runtime": "^7.7.2",
        "@jimp/utils": "^0.14.0"
      }
    },
    "@jimp/plugin-normalize": {
      "version": "0.14.0",
      "resolved": "https://registry.npmjs.org/@jimp/plugin-normalize/-/plugin-normalize-0.14.0.tgz",
      "integrity": "sha512-AfY8sqlsbbdVwFGcyIPy5JH/7fnBzlmuweb+Qtx2vn29okq6+HelLjw2b+VT2btgGUmWWHGEHd86oRGSoWGyEQ==",
      "requires": {
        "@babel/runtime": "^7.7.2",
        "@jimp/utils": "^0.14.0"
      }
    },
    "@jimp/plugin-print": {
      "version": "0.14.0",
      "resolved": "https://registry.npmjs.org/@jimp/plugin-print/-/plugin-print-0.14.0.tgz",
      "integrity": "sha512-MwP3sH+VS5AhhSTXk7pui+tEJFsxnTKFY3TraFJb8WFbA2Vo2qsRCZseEGwpTLhENB7p/JSsLvWoSSbpmxhFAQ==",
      "requires": {
        "@babel/runtime": "^7.7.2",
        "@jimp/utils": "^0.14.0",
        "load-bmfont": "^1.4.0"
      }
    },
    "@jimp/plugin-resize": {
      "version": "0.14.0",
      "resolved": "https://registry.npmjs.org/@jimp/plugin-resize/-/plugin-resize-0.14.0.tgz",
      "integrity": "sha512-qFeMOyXE/Bk6QXN0GQo89+CB2dQcXqoxUcDb2Ah8wdYlKqpi53skABkgVy5pW3EpiprDnzNDboMltdvDslNgLQ==",
      "requires": {
        "@babel/runtime": "^7.7.2",
        "@jimp/utils": "^0.14.0"
      }
    },
    "@jimp/plugin-rotate": {
      "version": "0.14.0",
      "resolved": "https://registry.npmjs.org/@jimp/plugin-rotate/-/plugin-rotate-0.14.0.tgz",
      "integrity": "sha512-aGaicts44bvpTcq5Dtf93/8TZFu5pMo/61lWWnYmwJJU1RqtQlxbCLEQpMyRhKDNSfPbuP8nyGmaqXlM/82J0Q==",
      "requires": {
        "@babel/runtime": "^7.7.2",
        "@jimp/utils": "^0.14.0"
      }
    },
    "@jimp/plugin-scale": {
      "version": "0.14.0",
      "resolved": "https://registry.npmjs.org/@jimp/plugin-scale/-/plugin-scale-0.14.0.tgz",
      "integrity": "sha512-ZcJk0hxY5ZKZDDwflqQNHEGRblgaR+piePZm7dPwPUOSeYEH31P0AwZ1ziceR74zd8N80M0TMft+e3Td6KGBHw==",
      "requires": {
        "@babel/runtime": "^7.7.2",
        "@jimp/utils": "^0.14.0"
      }
    },
    "@jimp/plugin-shadow": {
      "version": "0.14.0",
      "resolved": "https://registry.npmjs.org/@jimp/plugin-shadow/-/plugin-shadow-0.14.0.tgz",
      "integrity": "sha512-p2igcEr/iGrLiTu0YePNHyby0WYAXM14c5cECZIVnq/UTOOIQ7xIcWZJ1lRbAEPxVVXPN1UibhZAbr3HAb5BjQ==",
      "requires": {
        "@babel/runtime": "^7.7.2",
        "@jimp/utils": "^0.14.0"
      }
    },
    "@jimp/plugin-threshold": {
      "version": "0.14.0",
      "resolved": "https://registry.npmjs.org/@jimp/plugin-threshold/-/plugin-threshold-0.14.0.tgz",
      "integrity": "sha512-N4BlDgm/FoOMV/DQM2rSpzsgqAzkP0DXkWZoqaQrlRxQBo4zizQLzhEL00T/YCCMKnddzgEhnByaocgaaa0fKw==",
      "requires": {
        "@babel/runtime": "^7.7.2",
        "@jimp/utils": "^0.14.0"
      }
    },
    "@jimp/plugins": {
      "version": "0.14.0",
      "resolved": "https://registry.npmjs.org/@jimp/plugins/-/plugins-0.14.0.tgz",
      "integrity": "sha512-vDO3XT/YQlFlFLq5TqNjQkISqjBHT8VMhpWhAfJVwuXIpilxz5Glu4IDLK6jp4IjPR6Yg2WO8TmRY/HI8vLrOw==",
      "requires": {
        "@babel/runtime": "^7.7.2",
        "@jimp/plugin-blit": "^0.14.0",
        "@jimp/plugin-blur": "^0.14.0",
        "@jimp/plugin-circle": "^0.14.0",
        "@jimp/plugin-color": "^0.14.0",
        "@jimp/plugin-contain": "^0.14.0",
        "@jimp/plugin-cover": "^0.14.0",
        "@jimp/plugin-crop": "^0.14.0",
        "@jimp/plugin-displace": "^0.14.0",
        "@jimp/plugin-dither": "^0.14.0",
        "@jimp/plugin-fisheye": "^0.14.0",
        "@jimp/plugin-flip": "^0.14.0",
        "@jimp/plugin-gaussian": "^0.14.0",
        "@jimp/plugin-invert": "^0.14.0",
        "@jimp/plugin-mask": "^0.14.0",
        "@jimp/plugin-normalize": "^0.14.0",
        "@jimp/plugin-print": "^0.14.0",
        "@jimp/plugin-resize": "^0.14.0",
        "@jimp/plugin-rotate": "^0.14.0",
        "@jimp/plugin-scale": "^0.14.0",
        "@jimp/plugin-shadow": "^0.14.0",
        "@jimp/plugin-threshold": "^0.14.0",
        "timm": "^1.6.1"
      }
    },
    "@jimp/png": {
      "version": "0.14.0",
      "resolved": "https://registry.npmjs.org/@jimp/png/-/png-0.14.0.tgz",
      "integrity": "sha512-0RV/mEIDOrPCcNfXSPmPBqqSZYwGADNRVUTyMt47RuZh7sugbYdv/uvKmQSiqRdR0L1sfbCBMWUEa5G/8MSbdA==",
      "requires": {
        "@babel/runtime": "^7.7.2",
        "@jimp/utils": "^0.14.0",
        "pngjs": "^3.3.3"
      }
    },
    "@jimp/tiff": {
      "version": "0.14.0",
      "resolved": "https://registry.npmjs.org/@jimp/tiff/-/tiff-0.14.0.tgz",
      "integrity": "sha512-zBYDTlutc7j88G/7FBCn3kmQwWr0rmm1e0FKB4C3uJ5oYfT8645lftUsvosKVUEfkdmOaMAnhrf4ekaHcb5gQw==",
      "requires": {
        "@babel/runtime": "^7.7.2",
        "utif": "^2.0.1"
      }
    },
    "@jimp/types": {
      "version": "0.14.0",
      "resolved": "https://registry.npmjs.org/@jimp/types/-/types-0.14.0.tgz",
      "integrity": "sha512-hx3cXAW1KZm+b+XCrY3LXtdWy2U+hNtq0rPyJ7NuXCjU7lZR3vIkpz1DLJ3yDdS70hTi5QDXY3Cd9kd6DtloHQ==",
      "requires": {
        "@babel/runtime": "^7.7.2",
        "@jimp/bmp": "^0.14.0",
        "@jimp/gif": "^0.14.0",
        "@jimp/jpeg": "^0.14.0",
        "@jimp/png": "^0.14.0",
        "@jimp/tiff": "^0.14.0",
        "timm": "^1.6.1"
      }
    },
    "@jimp/utils": {
      "version": "0.14.0",
      "resolved": "https://registry.npmjs.org/@jimp/utils/-/utils-0.14.0.tgz",
      "integrity": "sha512-MY5KFYUru0y74IsgM/9asDwb3ERxWxXEu3CRCZEvE7DtT86y1bR1XgtlSliMrptjz4qbivNGMQSvUBpEFJDp1A==",
      "requires": {
        "@babel/runtime": "^7.7.2",
        "regenerator-runtime": "^0.13.3"
      }
    },
    "any-base": {
      "version": "1.1.0",
      "resolved": "https://registry.npmjs.org/any-base/-/any-base-1.1.0.tgz",
      "integrity": "sha512-uMgjozySS8adZZYePpaWs8cxB9/kdzmpX6SgJZ+wbz1K5eYk5QMYDVJaZKhxyIHUdnnJkfR7SVgStgH7LkGUyg=="
    },
    "base64-js": {
      "version": "1.3.1",
      "resolved": "https://registry.npmjs.org/base64-js/-/base64-js-1.3.1.tgz",
      "integrity": "sha512-mLQ4i2QO1ytvGWFWmcngKO//JXAQueZvwEKtjgQFM4jIK0kU+ytMfplL8j+n5mspOfjHwoAg+9yhb7BwAHm36g=="
    },
    "bmp-js": {
      "version": "0.1.0",
      "resolved": "https://registry.npmjs.org/bmp-js/-/bmp-js-0.1.0.tgz",
      "integrity": "sha1-4Fpj95amwf8l9Hcex62twUjAcjM="
    },
    "buffer": {
      "version": "5.6.0",
      "resolved": "https://registry.npmjs.org/buffer/-/buffer-5.6.0.tgz",
      "integrity": "sha512-/gDYp/UtU0eA1ys8bOs9J6a+E/KWIY+DZ+Q2WESNUA0jFRsJOc0SNUO6xJ5SGA1xueg3NL65W6s+NY5l9cunuw==",
      "requires": {
        "base64-js": "^1.0.2",
        "ieee754": "^1.1.4"
      }
    },
    "buffer-equal": {
      "version": "0.0.1",
      "resolved": "https://registry.npmjs.org/buffer-equal/-/buffer-equal-0.0.1.tgz",
      "integrity": "sha1-kbx0sR6kBbyRa8aqkI+q+ltKrEs="
    },
    "dom-walk": {
      "version": "0.1.2",
      "resolved": "https://registry.npmjs.org/dom-walk/-/dom-walk-0.1.2.tgz",
      "integrity": "sha512-6QvTW9mrGeIegrFXdtQi9pk7O/nSK6lSdXW2eqUspN5LWD7UTji2Fqw5V2YLjBpHEoU9Xl/eUWNpDeZvoyOv2w=="
    },
    "exif-parser": {
      "version": "0.1.12",
      "resolved": "https://registry.npmjs.org/exif-parser/-/exif-parser-0.1.12.tgz",
      "integrity": "sha1-WKnS1ywCwfbwKg70qRZicrd2CSI="
    },
    "file-type": {
      "version": "9.0.0",
      "resolved": "https://registry.npmjs.org/file-type/-/file-type-9.0.0.tgz",
      "integrity": "sha512-Qe/5NJrgIOlwijpq3B7BEpzPFcgzggOTagZmkXQY4LA6bsXKTUstK7Wp12lEJ/mLKTpvIZxmIuRcLYWT6ov9lw=="
    },
    "gifwrap": {
      "version": "0.9.2",
      "resolved": "https://registry.npmjs.org/gifwrap/-/gifwrap-0.9.2.tgz",
      "integrity": "sha512-fcIswrPaiCDAyO8xnWvHSZdWChjKXUanKKpAiWWJ/UTkEi/aYKn5+90e7DE820zbEaVR9CE2y4z9bzhQijZ0BA==",
      "requires": {
        "image-q": "^1.1.1",
        "omggif": "^1.0.10"
      }
    },
    "global": {
      "version": "4.3.2",
      "resolved": "https://registry.npmjs.org/global/-/global-4.3.2.tgz",
      "integrity": "sha1-52mJJopsdMOJCLEwWxD8DjlOnQ8=",
      "requires": {
        "min-document": "^2.19.0",
        "process": "~0.5.1"
      }
    },
    "ieee754": {
      "version": "1.1.13",
      "resolved": "https://registry.npmjs.org/ieee754/-/ieee754-1.1.13.tgz",
      "integrity": "sha512-4vf7I2LYV/HaWerSo3XmlMkp5eZ83i+/CDluXi/IGTs/O1sejBNhTtnxzmRZfvOUqj7lZjqHkeTvpgSFDlWZTg=="
    },
    "image-q": {
      "version": "1.1.1",
      "resolved": "https://registry.npmjs.org/image-q/-/image-q-1.1.1.tgz",
      "integrity": "sha1-/IQJlmRGC5DKhi2TALa/u7+/gFY="
    },
    "is-function": {
      "version": "1.0.2",
      "resolved": "https://registry.npmjs.org/is-function/-/is-function-1.0.2.tgz",
      "integrity": "sha512-lw7DUp0aWXYg+CBCN+JKkcE0Q2RayZnSvnZBlwgxHBQhqt5pZNVy4Ri7H9GmmXkdu7LUthszM+Tor1u/2iBcpQ=="
    },
    "jimp": {
      "version": "0.14.0",
      "resolved": "https://registry.npmjs.org/jimp/-/jimp-0.14.0.tgz",
      "integrity": "sha512-8BXU+J8+SPmwwyq9ELihpSV4dWPTiOKBWCEgtkbnxxAVMjXdf3yGmyaLSshBfXc8sP/JQ9OZj5R8nZzz2wPXgA==",
      "requires": {
        "@babel/runtime": "^7.7.2",
        "@jimp/custom": "^0.14.0",
        "@jimp/plugins": "^0.14.0",
        "@jimp/types": "^0.14.0",
        "regenerator-runtime": "^0.13.3"
      }
    },
    "jpeg-js": {
      "version": "0.4.1",
      "resolved": "https://registry.npmjs.org/jpeg-js/-/jpeg-js-0.4.1.tgz",
      "integrity": "sha512-jA55yJiB5tCXEddos8JBbvW+IMrqY0y1tjjx9KNVtA+QPmu7ND5j0zkKopClpUTsaETL135uOM2XfcYG4XRjmw=="
    },
    "load-bmfont": {
      "version": "1.4.1",
      "resolved": "https://registry.npmjs.org/load-bmfont/-/load-bmfont-1.4.1.tgz",
      "integrity": "sha512-8UyQoYmdRDy81Brz6aLAUhfZLwr5zV0L3taTQ4hju7m6biuwiWiJXjPhBJxbUQJA8PrkvJ/7Enqmwk2sM14soA==",
      "requires": {
        "buffer-equal": "0.0.1",
        "mime": "^1.3.4",
        "parse-bmfont-ascii": "^1.0.3",
        "parse-bmfont-binary": "^1.0.5",
        "parse-bmfont-xml": "^1.1.4",
        "phin": "^2.9.1",
        "xhr": "^2.0.1",
        "xtend": "^4.0.0"
      }
    },
    "mime": {
      "version": "1.6.0",
      "resolved": "https://registry.npmjs.org/mime/-/mime-1.6.0.tgz",
      "integrity": "sha512-x0Vn8spI+wuJ1O6S7gnbaQg8Pxh4NNHb7KSINmEWKiPE4RKOplvijn+NkmYmmRgP68mc70j2EbeTFRsrswaQeg=="
    },
    "min-document": {
      "version": "2.19.0",
      "resolved": "https://registry.npmjs.org/min-document/-/min-document-2.19.0.tgz",
      "integrity": "sha1-e9KC4/WELtKVu3SM3Z8f+iyCRoU=",
      "requires": {
        "dom-walk": "^0.1.0"
      }
    },
    "minimist": {
      "version": "1.2.5",
      "resolved": "https://registry.npmjs.org/minimist/-/minimist-1.2.5.tgz",
      "integrity": "sha512-FM9nNUYrRBAELZQT3xeZQ7fmMOBg6nWNmJKTcgsJeaLstP/UODVpGsr5OhXhhXg6f+qtJ8uiZ+PUxkDWcgIXLw=="
    },
    "mkdirp": {
      "version": "0.5.5",
      "resolved": "https://registry.npmjs.org/mkdirp/-/mkdirp-0.5.5.tgz",
      "integrity": "sha512-NKmAlESf6jMGym1++R0Ra7wvhV+wFW63FaSOFPwRahvea0gMUcGUhVeAg/0BC0wiv9ih5NYPB1Wn1UEI1/L+xQ==",
      "requires": {
        "minimist": "^1.2.5"
      }
    },
    "omggif": {
      "version": "1.0.10",
      "resolved": "https://registry.npmjs.org/omggif/-/omggif-1.0.10.tgz",
      "integrity": "sha512-LMJTtvgc/nugXj0Vcrrs68Mn2D1r0zf630VNtqtpI1FEO7e+O9FP4gqs9AcnBaSEeoHIPm28u6qgPR0oyEpGSw=="
    },
    "pako": {
      "version": "1.0.11",
      "resolved": "https://registry.npmjs.org/pako/-/pako-1.0.11.tgz",
      "integrity": "sha512-4hLB8Py4zZce5s4yd9XzopqwVv/yGNhV1Bl8NTmCq1763HeK2+EwVTv+leGeL13Dnh2wfbqowVPXCIO0z4taYw=="
    },
    "parse-bmfont-ascii": {
      "version": "1.0.6",
      "resolved": "https://registry.npmjs.org/parse-bmfont-ascii/-/parse-bmfont-ascii-1.0.6.tgz",
      "integrity": "sha1-Eaw8P/WPfCAgqyJ2kHkQjU36AoU="
    },
    "parse-bmfont-binary": {
      "version": "1.0.6",
      "resolved": "https://registry.npmjs.org/parse-bmfont-binary/-/parse-bmfont-binary-1.0.6.tgz",
      "integrity": "sha1-0Di0dtPp3Z2x4RoLDlOiJ5K2kAY="
    },
    "parse-bmfont-xml": {
      "version": "1.1.4",
      "resolved": "https://registry.npmjs.org/parse-bmfont-xml/-/parse-bmfont-xml-1.1.4.tgz",
      "integrity": "sha512-bjnliEOmGv3y1aMEfREMBJ9tfL3WR0i0CKPj61DnSLaoxWR3nLrsQrEbCId/8rF4NyRF0cCqisSVXyQYWM+mCQ==",
      "requires": {
        "xml-parse-from-string": "^1.0.0",
        "xml2js": "^0.4.5"
      }
    },
    "parse-headers": {
      "version": "2.0.3",
      "resolved": "https://registry.npmjs.org/parse-headers/-/parse-headers-2.0.3.tgz",
      "integrity": "sha512-QhhZ+DCCit2Coi2vmAKbq5RGTRcQUOE2+REgv8vdyu7MnYx2eZztegqtTx99TZ86GTIwqiy3+4nQTWZ2tgmdCA=="
    },
    "phin": {
      "version": "2.9.3",
      "resolved": "https://registry.npmjs.org/phin/-/phin-2.9.3.tgz",
      "integrity": "sha512-CzFr90qM24ju5f88quFC/6qohjC144rehe5n6DH900lgXmUe86+xCKc10ev56gRKC4/BkHUoG4uSiQgBiIXwDA=="
    },
    "pixelmatch": {
      "version": "4.0.2",
      "resolved": "https://registry.npmjs.org/pixelmatch/-/pixelmatch-4.0.2.tgz",
      "integrity": "sha1-j0fc7FARtHe2fbA8JDvB8wheiFQ=",
      "requires": {
        "pngjs": "^3.0.0"
      }
    },
    "pngjs": {
      "version": "3.4.0",
      "resolved": "https://registry.npmjs.org/pngjs/-/pngjs-3.4.0.tgz",
      "integrity": "sha512-NCrCHhWmnQklfH4MtJMRjZ2a8c80qXeMlQMv2uVp9ISJMTt562SbGd6n2oq0PaPgKm7Z6pL9E2UlLIhC+SHL3w=="
    },
    "process": {
      "version": "0.5.2",
      "resolved": "https://registry.npmjs.org/process/-/process-0.5.2.tgz",
      "integrity": "sha1-FjjYqONML0QKkduVq5rrZ3/Bhc8="
    },
    "regenerator-runtime": {
      "version": "0.13.5",
      "resolved": "https://registry.npmjs.org/regenerator-runtime/-/regenerator-runtime-0.13.5.tgz",
      "integrity": "sha512-ZS5w8CpKFinUzOwW3c83oPeVXoNsrLsaCoLtJvAClH135j/R77RuymhiSErhm2lKcwSCIpmvIWSbDkIfAqKQlA=="
    },
    "sax": {
      "version": "1.2.4",
      "resolved": "https://registry.npmjs.org/sax/-/sax-1.2.4.tgz",
      "integrity": "sha512-NqVDv9TpANUjFm0N8uM5GxL36UgKi9/atZw+x7YFnQ8ckwFGKrl4xX4yWtrey3UJm5nP1kUbnYgLopqWNSRhWw=="
    },
    "timm": {
      "version": "1.6.2",
      "resolved": "https://registry.npmjs.org/timm/-/timm-1.6.2.tgz",
      "integrity": "sha512-IH3DYDL1wMUwmIlVmMrmesw5lZD6N+ZOAFWEyLrtpoL9Bcrs9u7M/vyOnHzDD2SMs4irLkVjqxZbHrXStS/Nmw=="
    },
    "tinycolor2": {
      "version": "1.4.1",
      "resolved": "https://registry.npmjs.org/tinycolor2/-/tinycolor2-1.4.1.tgz",
      "integrity": "sha1-9PrTM0R7wLB9TcjpIJ2POaisd+g="
    },
    "utif": {
      "version": "2.0.1",
      "resolved": "https://registry.npmjs.org/utif/-/utif-2.0.1.tgz",
      "integrity": "sha512-Z/S1fNKCicQTf375lIP9G8Sa1H/phcysstNrrSdZKj1f9g58J4NMgb5IgiEZN9/nLMPDwF0W7hdOe9Qq2IYoLg==",
      "requires": {
        "pako": "^1.0.5"
      }
    },
    "xhr": {
      "version": "2.5.0",
      "resolved": "https://registry.npmjs.org/xhr/-/xhr-2.5.0.tgz",
      "integrity": "sha512-4nlO/14t3BNUZRXIXfXe+3N6w3s1KoxcJUUURctd64BLRe67E4gRwp4PjywtDY72fXpZ1y6Ch0VZQRY/gMPzzQ==",
      "requires": {
        "global": "~4.3.0",
        "is-function": "^1.0.1",
        "parse-headers": "^2.0.0",
        "xtend": "^4.0.0"
      }
    },
    "xml-parse-from-string": {
      "version": "1.0.1",
      "resolved": "https://registry.npmjs.org/xml-parse-from-string/-/xml-parse-from-string-1.0.1.tgz",
      "integrity": "sha1-qQKekp09vN7RafPG4oI42VpdWig="
    },
    "xml2js": {
      "version": "0.4.23",
      "resolved": "https://registry.npmjs.org/xml2js/-/xml2js-0.4.23.tgz",
      "integrity": "sha512-ySPiMjM0+pLDftHgXY4By0uswI3SPKLDw/i3UXbnO8M/p28zqexCUoPmQFrYD+/1BzhGJSs2i1ERWKJAtiLrug==",
      "requires": {
        "sax": ">=0.6.0",
        "xmlbuilder": "~11.0.0"
      }
    },
    "xmlbuilder": {
      "version": "11.0.1",
      "resolved": "https://registry.npmjs.org/xmlbuilder/-/xmlbuilder-11.0.1.tgz",
      "integrity": "sha512-fDlsI/kFEx7gLvbecc0/ohLG50fugQp8ryHzMTuW9vSa1GJ0XYWKnhsUx7oie3G98+r56aTQIUB4kht42R3JvA=="
    },
    "xtend": {
      "version": "4.0.2",
      "resolved": "https://registry.npmjs.org/xtend/-/xtend-4.0.2.tgz",
      "integrity": "sha512-LKYU1iAXJXUgAXn9URjiu+MWhyUXHsvfp7mcuYm9dSUKK0/CjtrUwFAxD82/mCWbtLsGjFIad0wIsod4zrTAEQ=="
    }
  }
}
